{
  "requires": true,
  "lockfileVersion": 1,
  "dependencies": {
    "mini-antui": {
      "version": "0.4.35",
      "resolved": "https://registry.npmjs.org/mini-antui/-/mini-antui-0.4.35.tgz",
      "integrity": "sha512-thLRUH418UN0rps+Dnt+iz1W4Ac/v8ZMscH6mgQmhkvvPd1q6vNFRXL2kIfemm9F6bG+WN2Lpik2qB0qqqieew=="
    }
  }
}
